
Microsoft Visual Studio Solution File, Format Version 12.00
# Visual Studio 15
VisualStudioVersion = 15.0.27703.2042
MinimumVisualStudioVersion = 10.0.40219.1
Project("{FAE04EC0-301F-11D3-BF4B-00C04F79EFBC}") = "Sweeper Bot", "Sweeper Bot\Sweeper Bot.csproj", "{D1006107-3E85-4990-B98A-2B52FADD093D}"
EndProject
Global
	GlobalSection(SolutionConfigurationPlatforms) = preSolution
		Debug|Any CPU = Debug|Any CPU
		Release|Any CPU = Release|Any CPU
	EndGlobalSection
	GlobalSection(ProjectConfigurationPlatforms) = postSolution
		{D1006107-3E85-4990-B98A-2B52FADD093D}.Debug|Any CPU.ActiveCfg = Debug|Any CPU
		{D1006107-3E85-4990-B98A-2B52FADD093D}.Debug|Any CPU.Build.0 = Debug|Any CPU
		{D1006107-3E85-4990-B98A-2B52FADD093D}.Release|Any CPU.ActiveCfg = Release|Any CPU
		{D1006107-3E85-4990-B98A-2B52FADD093D}.Release|Any CPU.Build.0 = Release|Any CPU
	EndGlobalSection
	GlobalSection(SolutionProperties) = preSolution
		HideSolutionNode = FALSE
	EndGlobalSection
	GlobalSection(ExtensibilityGlobals) = postSolution
		SolutionGuid = {978005AB-9D50-45E1-8076-5CC9192EC5A2}
	EndGlobalSection
EndGlobal
